
Microsoft Visual Studio Solution File, Format Version 12.00
# Visual Studio Version 16
VisualStudioVersion = 16.0.29001.49
MinimumVisualStudioVersion = 10.0.40219.1
Project("{FAE04EC0-301F-11D3-BF4B-00C04F79EFBC}") = "GoFish", "GoFish.csproj", "{A7A7C787-D39C-4BD2-8727-61EA3A75F981}"
EndProject
Global
	GlobalSection(SolutionConfigurationPlatforms) = preSolution
		Debug|Any CPU = Debug|Any CPU
		Release|Any CPU = Release|Any CPU
	EndGlobalSection
	GlobalSection(ProjectConfigurationPlatforms) = postSolution
		{A7A7C787-D39C-4BD2-8727-61EA3A75F981}.Debug|Any CPU.ActiveCfg = Debug|Any CPU
		{A7A7C787-D39C-4BD2-8727-61EA3A75F981}.Debug|Any CPU.Build.0 = Debug|Any CPU
		{A7A7C787-D39C-4BD2-8727-61EA3A75F981}.Release|Any CPU.ActiveCfg = Release|Any CPU
		{A7A7C787-D39C-4BD2-8727-61EA3A75F981}.Release|Any CPU.Build.0 = Release|Any CPU
	EndGlobalSection
	GlobalSection(SolutionProperties) = preSolution
		HideSolutionNode = FALSE
	EndGlobalSection
	GlobalSection(ExtensibilityGlobals) = postSolution
		SolutionGuid = {58468E0F-DFA4-4E76-B836-92997E24EA0D}
	EndGlobalSection
EndGlobal
