
Microsoft Visual Studio Solution File, Format Version 12.00
# Visual Studio 15
VisualStudioVersion = 15.0.26430.6
MinimumVisualStudioVersion = 10.0.40219.1
Project("{FAE04EC0-301F-11D3-BF4B-00C04F79EFBC}") = "SimpliedGoFish", "SimpliedGoFish\SimpliedGoFish.csproj", "{9B773E68-0A85-4FC8-A33C-6F17B80B98EE}"
EndProject
Global
	GlobalSection(SolutionConfigurationPlatforms) = preSolution
		Debug|Any CPU = Debug|Any CPU
		Release|Any CPU = Release|Any CPU
	EndGlobalSection
	GlobalSection(ProjectConfigurationPlatforms) = postSolution
		{3D9F369E-654F-41D6-B0D0-F8B51BDF3C44}.Debug|Any CPU.ActiveCfg = Debug|Any CPU
		{3D9F369E-654F-41D6-B0D0-F8B51BDF3C44}.Debug|Any CPU.Build.0 = Debug|Any CPU
		{3D9F369E-654F-41D6-B0D0-F8B51BDF3C44}.Release|Any CPU.ActiveCfg = Release|Any CPU
		{3D9F369E-654F-41D6-B0D0-F8B51BDF3C44}.Release|Any CPU.Build.0 = Release|Any CPU
		{9B773E68-0A85-4FC8-A33C-6F17B80B98EE}.Debug|Any CPU.ActiveCfg = Debug|Any CPU
		{9B773E68-0A85-4FC8-A33C-6F17B80B98EE}.Debug|Any CPU.Build.0 = Debug|Any CPU
		{9B773E68-0A85-4FC8-A33C-6F17B80B98EE}.Release|Any CPU.ActiveCfg = Release|Any CPU
		{9B773E68-0A85-4FC8-A33C-6F17B80B98EE}.Release|Any CPU.Build.0 = Release|Any CPU
	EndGlobalSection
	GlobalSection(SolutionProperties) = preSolution
		HideSolutionNode = FALSE
	EndGlobalSection
EndGlobal
